
Microsoft Visual Studio Solution File, Format Version 12.00
Project("{FAE04EC0-301F-11D3-BF4B-00C04F79EFBC}") = "DoliteTemplate.Api", "DoliteTemplate.Api\DoliteTemplate.Api.csproj", "{077A9C04-4933-48A9-ABA6-587A6F1B9460}"
EndProject
Project("{FAE04EC0-301F-11D3-BF4B-00C04F79EFBC}") = "DoliteTemplate.Infrastructure", "DoliteTemplate.Infrastructure\DoliteTemplate.Infrastructure.csproj", "{AEA241D7-D984-4E0C-807A-9BC01638924C}"
EndProject
Project("{FAE04EC0-301F-11D3-BF4B-00C04F79EFBC}") = "DoliteTemplate.Domain", "DoliteTemplate.Domain\DoliteTemplate.Domain.csproj", "{886F430A-890B-4925-9976-39C0C7C5F7B7}"
EndProject
Project("{FAE04EC0-301F-11D3-BF4B-00C04F79EFBC}") = "DoliteTemplate.DbMigrator", "DoliteTemplate.DbMigrator\DoliteTemplate.DbMigrator.csproj", "{A55D9E87-B6BB-4660-B965-A11CF73EB115}"
EndProject
Global
	GlobalSection(SolutionConfigurationPlatforms) = preSolution
		Debug|Any CPU = Debug|Any CPU
		Release|Any CPU = Release|Any CPU
	EndGlobalSection
	GlobalSection(ProjectConfigurationPlatforms) = postSolution
		{077A9C04-4933-48A9-ABA6-587A6F1B9460}.Debug|Any CPU.ActiveCfg = Debug|Any CPU
		{077A9C04-4933-48A9-ABA6-587A6F1B9460}.Debug|Any CPU.Build.0 = Debug|Any CPU
		{077A9C04-4933-48A9-ABA6-587A6F1B9460}.Release|Any CPU.ActiveCfg = Release|Any CPU
		{077A9C04-4933-48A9-ABA6-587A6F1B9460}.Release|Any CPU.Build.0 = Release|Any CPU
		{AEA241D7-D984-4E0C-807A-9BC01638924C}.Debug|Any CPU.ActiveCfg = Debug|Any CPU
		{AEA241D7-D984-4E0C-807A-9BC01638924C}.Debug|Any CPU.Build.0 = Debug|Any CPU
		{AEA241D7-D984-4E0C-807A-9BC01638924C}.Release|Any CPU.ActiveCfg = Release|Any CPU
		{AEA241D7-D984-4E0C-807A-9BC01638924C}.Release|Any CPU.Build.0 = Release|Any CPU
		{886F430A-890B-4925-9976-39C0C7C5F7B7}.Debug|Any CPU.ActiveCfg = Debug|Any CPU
		{886F430A-890B-4925-9976-39C0C7C5F7B7}.Debug|Any CPU.Build.0 = Debug|Any CPU
		{886F430A-890B-4925-9976-39C0C7C5F7B7}.Release|Any CPU.ActiveCfg = Release|Any CPU
		{886F430A-890B-4925-9976-39C0C7C5F7B7}.Release|Any CPU.Build.0 = Release|Any CPU
		{A55D9E87-B6BB-4660-B965-A11CF73EB115}.Debug|Any CPU.ActiveCfg = Debug|Any CPU
		{A55D9E87-B6BB-4660-B965-A11CF73EB115}.Debug|Any CPU.Build.0 = Debug|Any CPU
		{A55D9E87-B6BB-4660-B965-A11CF73EB115}.Release|Any CPU.ActiveCfg = Release|Any CPU
		{A55D9E87-B6BB-4660-B965-A11CF73EB115}.Release|Any CPU.Build.0 = Release|Any CPU
	EndGlobalSection
EndGlobal
