
Microsoft Visual Studio Solution File, Format Version 12.00
Project("{2150E333-8FDC-42A3-9474-1A3956D46DE8}") = "src", "src", "{3D6BDBDE-DCA1-4FFA-AF12-5EC9D608225E}"
EndProject
Project("{FAE04EC0-301F-11D3-BF4B-00C04F79EFBC}") = "DoliteTemplate.Api", "src\DoliteTemplate.Api\DoliteTemplate.Api.csproj", "{F380F257-A336-491E-BBC1-9635D45BA06C}"
EndProject
Project("{FAE04EC0-301F-11D3-BF4B-00C04F79EFBC}") = "DoliteTemplate.DbMigrator", "src\DoliteTemplate.DbMigrator\DoliteTemplate.DbMigrator.csproj", "{05E7C69B-68D6-4788-BD9D-6B64C6438B00}"
EndProject
Project("{FAE04EC0-301F-11D3-BF4B-00C04F79EFBC}") = "DoliteTemplate.Domain", "src\DoliteTemplate.Domain\DoliteTemplate.Domain.csproj", "{5CB3ED0F-834D-4508-A149-BF497F5EF018}"
EndProject
Project("{FAE04EC0-301F-11D3-BF4B-00C04F79EFBC}") = "DoliteTemplate.Infrastructure", "src\DoliteTemplate.Infrastructure\DoliteTemplate.Infrastructure.csproj", "{6DB49C50-0278-4F15-AFA5-078B654BAA98}"
EndProject
Project("{FAE04EC0-301F-11D3-BF4B-00C04F79EFBC}") = "DoliteTemplate.Api.Shared", "src\DoliteTemplate.Api.Shared\DoliteTemplate.Api.Shared.csproj", "{67929E54-03BB-4E59-A8AB-23FF952F0657}"
EndProject
Project("{FAE04EC0-301F-11D3-BF4B-00C04F79EFBC}") = "DoliteTemplate.Domain.Shared", "src\DoliteTemplate.Domain.Shared\DoliteTemplate.Domain.Shared.csproj", "{3D284A98-BDEE-4FC1-BCE2-6CDBB023B080}"
EndProject
Global
	GlobalSection(SolutionConfigurationPlatforms) = preSolution
		Debug|Any CPU = Debug|Any CPU
		Release|Any CPU = Release|Any CPU
	EndGlobalSection
	GlobalSection(ProjectConfigurationPlatforms) = postSolution
		{F380F257-A336-491E-BBC1-9635D45BA06C}.Debug|Any CPU.ActiveCfg = Debug|Any CPU
		{F380F257-A336-491E-BBC1-9635D45BA06C}.Debug|Any CPU.Build.0 = Debug|Any CPU
		{F380F257-A336-491E-BBC1-9635D45BA06C}.Release|Any CPU.ActiveCfg = Release|Any CPU
		{F380F257-A336-491E-BBC1-9635D45BA06C}.Release|Any CPU.Build.0 = Release|Any CPU
		{05E7C69B-68D6-4788-BD9D-6B64C6438B00}.Debug|Any CPU.ActiveCfg = Debug|Any CPU
		{05E7C69B-68D6-4788-BD9D-6B64C6438B00}.Debug|Any CPU.Build.0 = Debug|Any CPU
		{05E7C69B-68D6-4788-BD9D-6B64C6438B00}.Release|Any CPU.ActiveCfg = Release|Any CPU
		{05E7C69B-68D6-4788-BD9D-6B64C6438B00}.Release|Any CPU.Build.0 = Release|Any CPU
		{5CB3ED0F-834D-4508-A149-BF497F5EF018}.Debug|Any CPU.ActiveCfg = Debug|Any CPU
		{5CB3ED0F-834D-4508-A149-BF497F5EF018}.Debug|Any CPU.Build.0 = Debug|Any CPU
		{5CB3ED0F-834D-4508-A149-BF497F5EF018}.Release|Any CPU.ActiveCfg = Release|Any CPU
		{5CB3ED0F-834D-4508-A149-BF497F5EF018}.Release|Any CPU.Build.0 = Release|Any CPU
		{6DB49C50-0278-4F15-AFA5-078B654BAA98}.Debug|Any CPU.ActiveCfg = Debug|Any CPU
		{6DB49C50-0278-4F15-AFA5-078B654BAA98}.Debug|Any CPU.Build.0 = Debug|Any CPU
		{6DB49C50-0278-4F15-AFA5-078B654BAA98}.Release|Any CPU.ActiveCfg = Release|Any CPU
		{6DB49C50-0278-4F15-AFA5-078B654BAA98}.Release|Any CPU.Build.0 = Release|Any CPU
		{67929E54-03BB-4E59-A8AB-23FF952F0657}.Debug|Any CPU.ActiveCfg = Debug|Any CPU
		{67929E54-03BB-4E59-A8AB-23FF952F0657}.Debug|Any CPU.Build.0 = Debug|Any CPU
		{67929E54-03BB-4E59-A8AB-23FF952F0657}.Release|Any CPU.ActiveCfg = Release|Any CPU
		{67929E54-03BB-4E59-A8AB-23FF952F0657}.Release|Any CPU.Build.0 = Release|Any CPU
		{3D284A98-BDEE-4FC1-BCE2-6CDBB023B080}.Debug|Any CPU.ActiveCfg = Debug|Any CPU
		{3D284A98-BDEE-4FC1-BCE2-6CDBB023B080}.Debug|Any CPU.Build.0 = Debug|Any CPU
		{3D284A98-BDEE-4FC1-BCE2-6CDBB023B080}.Release|Any CPU.ActiveCfg = Release|Any CPU
		{3D284A98-BDEE-4FC1-BCE2-6CDBB023B080}.Release|Any CPU.Build.0 = Release|Any CPU
	EndGlobalSection
	GlobalSection(NestedProjects) = preSolution
		{F380F257-A336-491E-BBC1-9635D45BA06C} = {3D6BDBDE-DCA1-4FFA-AF12-5EC9D608225E}
		{05E7C69B-68D6-4788-BD9D-6B64C6438B00} = {3D6BDBDE-DCA1-4FFA-AF12-5EC9D608225E}
		{5CB3ED0F-834D-4508-A149-BF497F5EF018} = {3D6BDBDE-DCA1-4FFA-AF12-5EC9D608225E}
		{6DB49C50-0278-4F15-AFA5-078B654BAA98} = {3D6BDBDE-DCA1-4FFA-AF12-5EC9D608225E}
		{67929E54-03BB-4E59-A8AB-23FF952F0657} = {3D6BDBDE-DCA1-4FFA-AF12-5EC9D608225E}
		{3D284A98-BDEE-4FC1-BCE2-6CDBB023B080} = {3D6BDBDE-DCA1-4FFA-AF12-5EC9D608225E}
	EndGlobalSection
EndGlobal
